{
  "requires": true,
  "lockfileVersion": 1,
  "dependencies": {
    "@types/accepts": {
      "version": "1.3.5",
      "resolved": "https://registry.npmjs.org/@types/accepts/-/accepts-1.3.5.tgz",
      "integrity": "sha512-jOdnI/3qTpHABjM5cx1Hc0sKsPoYCp+DP/GJRGtDlPd7fiV9oXGGIcjW/ZOxLIvjGz8MA+uMZI9metHlgqbgwQ==",
      "dev": true,
      "requires": {
        "@types/node": "*"
      }
    },
    "@types/body-parser": {
      "version": "1.19.2",
      "resolved": "https://registry.npmjs.org/@types/body-parser/-/body-parser-1.19.2.tgz",
      "integrity": "sha512-ALYone6pm6QmwZoAgeyNksccT9Q4AWZQ6PvfwR37GT6r6FWUPguq6sUmNGSMV2Wr761oQoBxwGGa6DR5o1DC9g==",
      "dev": true,
      "requires": {
        "@types/connect": "*",
        "@types/node": "*"
      }
    },
    "@types/call-bind": {
      "version": "1.0.3",
      "resolved": "https://registry.npmjs.org/@types/call-bind/-/call-bind-1.0.3.tgz",
      "integrity": "sha512-3Gnu0nTEY+XGOFXGjAPaCsM4DLY+tdIC56vyNx424ScYUVp49zsADE0jYvMvvqOXQqcidN00gslZxcA8Pa3rwA==",
      "dev": true,
      "requires": {
        "@types/get-intrinsic": "*"
      }
    },
    "@types/compressible": {
      "version": "2.0.0",
      "resolved": "https://registry.npmjs.org/@types/compressible/-/compressible-2.0.0.tgz",
      "integrity": "sha512-ioFCyNkga3vWcvLowx1qO+/4D0jw8JYpjoIC2b6NzQ7zk7A03Sw/KEsDuRtKqtAo2/GOhbyWQYuPVsg8h/ACcA==",
      "dev": true
    },
    "@types/compression": {
      "version": "1.7.3",
      "resolved": "https://registry.npmjs.org/@types/compression/-/compression-1.7.3.tgz",
      "integrity": "sha512-rKquEGjebqizyHNMOpaE/4FdYR5VQiWFeesqYfvJU0seSEyB4625UGhNOO/qIkH10S3wftiV7oefc8WdLZ/gCQ==",
      "dev": true,
      "requires": {
        "@types/express": "*"
      }
    },
    "@types/connect": {
      "version": "3.4.37",
      "resolved": "https://registry.npmjs.org/@types/connect/-/connect-3.4.37.tgz",
      "integrity": "sha512-zBUSRqkfZ59OcwXon4HVxhx5oWCJmc0OtBTK05M+p0dYjgN6iTwIL2T/WbsQZrEsdnwaF9cWQ+azOnpPvIqY3Q==",
      "dev": true,
      "requires": {
        "@types/node": "*"
      }
    },
    "@types/content-disposition": {
      "version": "0.5.6",
      "resolved": "https://registry.npmjs.org/@types/content-disposition/-/content-disposition-0.5.6.tgz",
      "integrity": "sha512-GmShTb4qA9+HMPPaV2+Up8tJafgi38geFi7vL4qAM7k8BwjoelgHZqEUKJZLvughUw22h6vD/wvwN4IUCaWpDA==",
      "dev": true
    },
    "@types/cors": {
      "version": "2.8.14",
      "resolved": "https://registry.npmjs.org/@types/cors/-/cors-2.8.14.tgz",
      "integrity": "sha512-RXHUvNWYICtbP6s18PnOCaqToK8y14DnLd75c6HfyKf228dxy7pHNOQkxPtvXKp/hINFMDjbYzsj63nnpPMSRQ==",
      "dev": true,
      "requires": {
        "@types/node": "*"
      }
    },
    "@types/debug": {
      "version": "4.1.8",
      "resolved": "https://registry.npmjs.org/@types/debug/-/debug-4.1.8.tgz",
      "integrity": "sha512-/vPO1EPOs306Cvhwv7KfVfYvOJqA/S/AXjaHQiJboCZzcNDb+TIJFN9/2C9DZ//ijSKWioNyUxD792QmDJ+HKQ==",
      "dev": true,
      "requires": {
        "@types/ms": "*"
      }
    },
    "@types/errorhandler": {
      "version": "1.5.0",
      "resolved": "https://registry.npmjs.org/@types/errorhandler/-/errorhandler-1.5.0.tgz",
      "integrity": "sha512-g5jrn2aofEn7O2OW/T+PlmGUUD/AtrX7DI87zrxz6rK5XIyvQf3FbPJrwgYaVjVOaCyvEkx9yxLd/XlEA43OcA==",
      "dev": true,
      "requires": {
        "@types/express": "*"
      }
    },
    "@types/express": {
      "version": "4.17.17",
      "resolved": "https://registry.npmjs.org/@types/express/-/express-4.17.17.tgz",
      "integrity": "sha512-Q4FmmuLGBG58btUnfS1c1r/NQdlp3DMfGDGig8WhfpA2YRUtEkxAjkZb0yvplJGYdF1fsQ81iMDcH24sSCNC/Q==",
      "dev": true,
      "requires": {
        "@types/body-parser": "*",
        "@types/express-serve-static-core": "^4.17.33",
        "@types/qs": "*",
        "@types/serve-static": "*"
      }
    },
    "@types/express-serve-static-core": {
      "version": "4.17.39",
      "resolved": "https://registry.npmjs.org/@types/express-serve-static-core/-/express-serve-static-core-4.17.39.tgz",
      "integrity": "sha512-BiEUfAiGCOllomsRAZOiMFP7LAnrifHpt56pc4Z7l9K6ACyN06Ns1JLMBxwkfLOjJRlSf06NwWsT7yzfpaVpyQ==",
      "dev": true,
      "requires": {
        "@types/node": "*",
        "@types/qs": "*",
        "@types/range-parser": "*",
        "@types/send": "*"
      }
    },
    "@types/finalhandler": {
      "version": "1.2.0",
      "resolved": "https://registry.npmjs.org/@types/finalhandler/-/finalhandler-1.2.0.tgz",
      "integrity": "sha512-NgEZKOhxUSXkwNnWNaMXZaopQ5aFGPAYiEpEWIkQ6Dzc4iS0M1oQsvWne2t+ex9QZUAdTz/ZT4tOXJhWtP6mCw==",
      "dev": true,
      "requires": {
        "@types/node": "*"
      }
    },
    "@types/get-intrinsic": {
      "version": "1.2.2",
      "resolved": "https://registry.npmjs.org/@types/get-intrinsic/-/get-intrinsic-1.2.2.tgz",
      "integrity": "sha512-sZ6hqBS4pF6cClLCBNbZBthM6zib0+YJINHTaEqZEZyGPKGjjMPaYVKr1Eh3RoNBTtAJGg6yPN5+yyBRdbA8Ng==",
      "dev": true
    },
    "@types/http-errors": {
      "version": "2.0.1",
      "resolved": "https://registry.npmjs.org/@types/http-errors/-/http-errors-2.0.1.tgz",
      "integrity": "sha512-/K3ds8TRAfBvi5vfjuz8y6+GiAYBZ0x4tXv1Av6CWBWn0IlADc+ZX9pMq7oU0fNQPnBwIZl3rmeLp6SBApbxSQ==",
      "dev": true
    },
    "@types/json-server": {
      "version": "0.14.4",
      "resolved": "https://registry.npmjs.org/@types/json-server/-/json-server-0.14.4.tgz",
      "integrity": "sha512-mzeeqxw4cl+1hKm/Fp8ELhrukX2r7312G5DfdksLSpQCSeczauohzX4kbQWa4xUN7FlClct6nBubr1tos+XIeQ==",
      "dev": true,
      "requires": {
        "@types/connect": "*",
        "@types/express": "*",
        "@types/lowdb": "*"
      }
    },
    "@types/lodash": {
      "version": "4.14.198",
      "resolved": "https://registry.npmjs.org/@types/lodash/-/lodash-4.14.198.tgz",
      "integrity": "sha512-trNJ/vtMZYMLhfN45uLq4ShQSw0/S7xCTLLVM+WM1rmFpba/VS42jVUgaO3w/NOLiWR/09lnYk0yMaA/atdIsg==",
      "dev": true
    },
    "@types/lowdb": {
      "version": "1.0.12",
      "resolved": "https://registry.npmjs.org/@types/lowdb/-/lowdb-1.0.12.tgz",
      "integrity": "sha512-m/hOfY7nuwo9V3yApvR6aJ3uZP6iNC74S7Bx5BWz0L7IrzjKyzUur/jEdlYWBWWVjmkCz+ECK9nk8UJoQa8aZw==",
      "dev": true,
      "requires": {
        "@types/lodash": "*"
      }
    },
    "@types/method-override": {
      "version": "0.0.32",
      "resolved": "https://registry.npmjs.org/@types/method-override/-/method-override-0.0.32.tgz",
      "integrity": "sha512-Vf9AohOlANmhNswCbkdRG3p+tYcq1+63O+ex1UoNIVYWW3tO8Mx6Z+5G1R8DENeC6/t1SiDJS+ph6ACKpryokg==",
      "dev": true,
      "requires": {
        "@types/express": "*"
      }
    },
    "@types/mime": {
      "version": "3.0.1",
      "resolved": "https://registry.npmjs.org/@types/mime/-/mime-3.0.1.tgz",
      "integrity": "sha512-Y4XFY5VJAuw0FgAqPNd6NNoV44jbq9Bz2L7Rh/J6jLTiHBSBJa9fxqQIvkIld4GsoDOcCbvzOUAbLPsSKKg+uA==",
      "dev": true
    },
    "@types/mime-db": {
      "version": "1.43.1",
      "resolved": "https://registry.npmjs.org/@types/mime-db/-/mime-db-1.43.1.tgz",
      "integrity": "sha512-kGZJY+R+WnR5Rk+RPHUMERtb2qBRViIHCBdtUrY+NmwuGb8pQdfTqQiCKPrxpdoycl8KWm2DLdkpoSdt479XoQ==",
      "dev": true
    },
    "@types/mime-types": {
      "version": "2.1.1",
      "resolved": "https://registry.npmjs.org/@types/mime-types/-/mime-types-2.1.1.tgz",
      "integrity": "sha512-vXOTGVSLR2jMw440moWTC7H19iUyLtP3Z1YTj7cSsubOICinjMxFeb/V57v9QdyyPGbbWolUFSSmSiRSn94tFw==",
      "dev": true
    },
    "@types/morgan": {
      "version": "1.9.5",
      "resolved": "https://registry.npmjs.org/@types/morgan/-/morgan-1.9.5.tgz",
      "integrity": "sha512-5TgfIWm0lcTGnbCZExwc19dCOMOMmAiiBZQj8Ko3NRxsVDgRxf+AEGRQTqNVA5Yh2xfdWp4clbAEMbYP+jkOqg==",
      "dev": true,
      "requires": {
        "@types/node": "*"
      }
    },
    "@types/ms": {
      "version": "0.7.31",
      "resolved": "https://registry.npmjs.org/@types/ms/-/ms-0.7.31.tgz",
      "integrity": "sha512-iiUgKzV9AuaEkZqkOLDIvlQiL6ltuZd9tGcW3gwpnX8JbuiuhFlEGmmFXEXkN50Cvq7Os88IY2v0dkDqXYWVgA==",
      "dev": true
    },
    "@types/negotiator": {
      "version": "0.6.1",
      "resolved": "https://registry.npmjs.org/@types/negotiator/-/negotiator-0.6.1.tgz",
      "integrity": "sha512-c4mvXFByghezQ/eVGN5HvH/jI63vm3B7FiE81BUzDAWmuiohRecCO6ddU60dfq29oKUMiQujsoB2h0JQC7JHKA==",
      "dev": true
    },
    "@types/node": {
      "version": "20.6.0",
      "resolved": "https://registry.npmjs.org/@types/node/-/node-20.6.0.tgz",
      "integrity": "sha512-najjVq5KN2vsH2U/xyh2opaSEz6cZMR2SetLIlxlj08nOcmPOemJmUK2o4kUzfLqfrWE0PIrNeE16XhYDd3nqg==",
      "dev": true
    },
    "@types/object-assign": {
      "version": "4.0.31",
      "resolved": "https://registry.npmjs.org/@types/object-assign/-/object-assign-4.0.31.tgz",
      "integrity": "sha512-Xw3AoamIJzBgAV2/Rd/TnnpIpkVKeI1IkpOaxy6eIFR55AVnWd5WKqiIkkozamoN/+mSukK/4VgN9zcT7hbOIA==",
      "dev": true
    },
    "@types/object-inspect": {
      "version": "1.8.2",
      "resolved": "https://registry.npmjs.org/@types/object-inspect/-/object-inspect-1.8.2.tgz",
      "integrity": "sha512-14zhORrVm+OEOCVxELaAUhLoAq52Bq1dVZ4jk5Z0gDk4dxk1yJRKmc2y4q/l4tU5/TXW2NK1rVyBpxZmIq91Dw==",
      "dev": true
    },
    "@types/on-finished": {
      "version": "2.3.2",
      "resolved": "https://registry.npmjs.org/@types/on-finished/-/on-finished-2.3.2.tgz",
      "integrity": "sha512-0vvczNxekBdvl51GCEpvk/Ntum+SRr3lInh/cK9FQQ3NoGkF1CFnoTZyWWeaxqppJRpkRwazoK1kDOhRFN9fyg==",
      "dev": true,
      "requires": {
        "@types/node": "*"
      }
    },
    "@types/on-headers": {
      "version": "1.0.1",
      "resolved": "https://registry.npmjs.org/@types/on-headers/-/on-headers-1.0.1.tgz",
      "integrity": "sha512-i1nVmekFpcsQSXwgNGGMA//Lo6MEfRqSlOav9xdYDrAsiYTz1Ur6g1AuFDkM7XWSUs0QVLE/b4jsQbsswUcYCA==",
      "dev": true,
      "requires": {
        "@types/node": "*"
      }
    },
    "@types/parseurl": {
      "version": "1.3.1",
      "resolved": "https://registry.npmjs.org/@types/parseurl/-/parseurl-1.3.1.tgz",
      "integrity": "sha512-sAfjGAYgJ/MZsk95f3ByThfJgasZk1hWJROghBwfKnLLNANEAG/WHckAcT6HNqx2sHwVlci7OAX7k1KYpOcgMw==",
      "dev": true,
      "requires": {
        "@types/node": "*"
      }
    },
    "@types/pify": {
      "version": "5.0.1",
      "resolved": "https://registry.npmjs.org/@types/pify/-/pify-5.0.1.tgz",
      "integrity": "sha512-UYcJBAqWLyg+eITXGIu9DR7RXJFvSupz+Hf+RqJYHzDJedvDMTsB1JmDV6Qfna2g62VIxUKvoWqTxGHy6U/bLA==",
      "dev": true
    },
    "@types/pluralize": {
      "version": "0.0.30",
      "resolved": "https://registry.npmjs.org/@types/pluralize/-/pluralize-0.0.30.tgz",
      "integrity": "sha512-kVww6xZrW/db5BR9OqiT71J9huRdQ+z/r+LbDuT7/EK50mCmj5FoaIARnVv0rvjUS/YpDox0cDU9lpQT011VBA==",
      "dev": true
    },
    "@types/proxy-addr": {
      "version": "2.0.0",
      "resolved": "https://registry.npmjs.org/@types/proxy-addr/-/proxy-addr-2.0.0.tgz",
      "integrity": "sha512-JEm0kSrO3CjbFSLpYeYhCscS0vpW1mIWedhWuurJnYbMzY1vcm9fzJ6TL6SWq3m/m3g4KUV5JBT69mQSwUHZHg==",
      "dev": true,
      "requires": {
        "@types/node": "*"
      }
    },
    "@types/qs": {
      "version": "6.9.8",
      "resolved": "https://registry.npmjs.org/@types/qs/-/qs-6.9.8.tgz",
      "integrity": "sha512-u95svzDlTysU5xecFNTgfFG5RUWu1A9P0VzgpcIiGZA9iraHOdSzcxMxQ55DyeRaGCSxQi7LxXDI4rzq/MYfdg==",
      "dev": true
    },
    "@types/range-parser": {
      "version": "1.2.4",
      "resolved": "https://registry.npmjs.org/@types/range-parser/-/range-parser-1.2.4.tgz",
      "integrity": "sha512-EEhsLsD6UsDM1yFhAvy0Cjr6VwmpMWqFBCb9w07wVugF7w9nfajxLuVmngTIpgS6svCnm6Vaw+MZhoDCKnOfsw==",
      "dev": true
    },
    "@types/require-directory": {
      "version": "2.1.2",
      "resolved": "https://registry.npmjs.org/@types/require-directory/-/require-directory-2.1.2.tgz",
      "integrity": "sha512-FUG5PJ2rsV2TssSspVZefTR8+wH3Ahr6KdAB6WanLNroSDu0A5ew4WVUxnnGU/E1k6nzip9ZawGAAe/ZqzGn5g==",
      "dev": true,
      "requires": {
        "@types/node": "*"
      }
    },
    "@types/safer-buffer": {
      "version": "2.1.0",
      "resolved": "https://registry.npmjs.org/@types/safer-buffer/-/safer-buffer-2.1.0.tgz",
      "integrity": "sha512-04WlrCdOLy1Ejpwc3A7qyZzsH6uqeWoH+XO80V8S8NRubGg+E4FMMM3VAS6jZZ8w+dXki1/5FI5upmMDQlaQsQ==",
      "dev": true,
      "requires": {
        "@types/node": "*"
      }
    },
    "@types/semver-compare": {
      "version": "1.0.1",
      "resolved": "https://registry.npmjs.org/@types/semver-compare/-/semver-compare-1.0.1.tgz",
      "integrity": "sha512-wx2LQVvKlEkhXp/HoKIZ/aSL+TvfJdKco8i0xJS3aR877mg4qBHzNT6+B5a61vewZHo79EdZavskGnRXEC2H6A==",
      "dev": true
    },
    "@types/send": {
      "version": "0.17.1",
      "resolved": "https://registry.npmjs.org/@types/send/-/send-0.17.1.tgz",
      "integrity": "sha512-Cwo8LE/0rnvX7kIIa3QHCkcuF21c05Ayb0ZfxPiv0W8VRiZiNW/WuRupHKpqqGVGf7SUA44QSOUKaEd9lIrd/Q==",
      "dev": true,
      "requires": {
        "@types/mime": "^1",
        "@types/node": "*"
      },
      "dependencies": {
        "@types/mime": {
          "version": "1.3.5",
          "resolved": "https://registry.npmjs.org/@types/mime/-/mime-1.3.5.tgz",
          "integrity": "sha512-/pyBZWSLD2n0dcHE3hq8s8ZvcETHtEuF+3E7XVt0Ig2nvsVQXdghHVcEkIWjy9A0wKfTn97a/PSDYohKIlnP/w==",
          "dev": true
        }
      }
    },
    "@types/serve-static": {
      "version": "1.15.2",
      "resolved": "https://registry.npmjs.org/@types/serve-static/-/serve-static-1.15.2.tgz",
      "integrity": "sha512-J2LqtvFYCzaj8pVYKw8klQXrLLk7TBZmQ4ShlcdkELFKGwGMfevMLneMMRkMgZxotOD9wg497LpC7O8PcvAmfw==",
      "dev": true,
      "requires": {
        "@types/http-errors": "*",
        "@types/mime": "*",
        "@types/node": "*"
      }
    },
    "@types/server-destroy": {
      "version": "1.0.1",
      "resolved": "https://registry.npmjs.org/@types/server-destroy/-/server-destroy-1.0.1.tgz",
      "integrity": "sha512-77QGr7waZbE0Y0uF+G+uH3H3SmhyA78Jf2r5r7QSrpg0U3kSXduWpGjzP9PvPLR/KCy+kHjjpnugRHsYTnHopg==",
      "dev": true,
      "requires": {
        "@types/node": "*"
      }
    },
    "@types/statuses": {
      "version": "2.0.0",
      "resolved": "https://registry.npmjs.org/@types/statuses/-/statuses-2.0.0.tgz",
      "integrity": "sha512-V4dX/J9hyQ8hq2hztP+8xB1girGot5ltjtmxaJusf6AGyxi2RvWJrpWj4/DxF0/GFNOkswUVnbkGXKaaY9juQQ==",
      "dev": true
    },
    "@types/supports-color": {
      "version": "8.1.1",
      "resolved": "https://registry.npmjs.org/@types/supports-color/-/supports-color-8.1.1.tgz",
      "integrity": "sha512-dPWnWsf+kzIG140B8z2w3fr5D03TLWbOAFQl45xUpI3vcizeXriNR5VYkWZ+WTMsUHqZ9Xlt3hrxGNANFyNQfw==",
      "dev": true
    },
    "@types/toidentifier": {
      "version": "1.0.0",
      "resolved": "https://registry.npmjs.org/@types/toidentifier/-/toidentifier-1.0.0.tgz",
      "integrity": "sha512-oNE63CcPkezZVwq4C4y0FKGnZoe/6LGyIvGCBZPUXcdpA+EObfCxwf1tQawTK2ReIkO2rZwfHmXJxn7fe283jg==",
      "dev": true
    },
    "@types/type-is": {
      "version": "1.6.4",
      "resolved": "https://registry.npmjs.org/@types/type-is/-/type-is-1.6.4.tgz",
      "integrity": "sha512-2ONCAm+KdTDcSZdYj3xWT+GAfgLNXpEUIyCMYofzwoVYORXf7tqq2jDf3dd4J+4y96YVcTXbZsdJf4LSGGUc/A==",
      "dev": true,
      "requires": {
        "@types/node": "*"
      }
    },
    "types-registry": {
      "version": "0.1.684",
      "resolved": "https://registry.npmjs.org/types-registry/-/types-registry-0.1.684.tgz",
      "integrity": "sha512-B6v+g9M+7IJSc1w2THOmTuRKvd/ACxZTGXM18E8MzpHWx1mGUvGGT+RXsSnxNpyqtbjWLeXj8uyyu/MxVOS3xw=="
    }
  }
}
